
Microsoft Visual Studio Solution File, Format Version 12.00
# Visual Studio Version 16
VisualStudioVersion = 16.0.29503.13
MinimumVisualStudioVersion = 10.0.40219.1
Project("{FAE04EC0-301F-11D3-BF4B-00C04F79EFBC}") = "DemoFluentPWA", "DemoFluentPWA\DemoFluentPWA.csproj", "{CC2B38F6-8702-488E-B9F8-981BB4964FED}"
EndProject
Global
	GlobalSection(SolutionConfigurationPlatforms) = preSolution
		Debug|Any CPU = Debug|Any CPU
		Release|Any CPU = Release|Any CPU
	EndGlobalSection
	GlobalSection(ProjectConfigurationPlatforms) = postSolution
		{CC2B38F6-8702-488E-B9F8-981BB4964FED}.Debug|Any CPU.ActiveCfg = Debug|Any CPU
		{CC2B38F6-8702-488E-B9F8-981BB4964FED}.Debug|Any CPU.Build.0 = Debug|Any CPU
		{CC2B38F6-8702-488E-B9F8-981BB4964FED}.Release|Any CPU.ActiveCfg = Release|Any CPU
		{CC2B38F6-8702-488E-B9F8-981BB4964FED}.Release|Any CPU.Build.0 = Release|Any CPU
	EndGlobalSection
	GlobalSection(SolutionProperties) = preSolution
		HideSolutionNode = FALSE
	EndGlobalSection
	GlobalSection(ExtensibilityGlobals) = postSolution
		SolutionGuid = {CC1E2DF2-2FD0-4C4D-B11D-6B3812378B10}
	EndGlobalSection
EndGlobal
